
Microsoft Visual Studio Solution File, Format Version 12.00
# Visual Studio 14
VisualStudioVersion = 14.0.24720.0
MinimumVisualStudioVersion = 10.0.40219.1
Project("{2150E333-8FDC-42A3-9474-1A3956D46DE8}") = "Web", "Web", "{A15A3E56-DBD5-4CF9-9D4E-1E95A7A79A86}"
EndProject
Project("{2150E333-8FDC-42A3-9474-1A3956D46DE8}") = "Tests", "Tests", "{83B58742-DAE2-4EE1-9A5F-CD80EAAE5D93}"
EndProject
Project("{2150E333-8FDC-42A3-9474-1A3956D46DE8}") = "Data", "Data", "{5D260750-D14B-4CC8-8AF4-3AC7CC82FF0A}"
EndProject
Project("{2150E333-8FDC-42A3-9474-1A3956D46DE8}") = "Services", "Services", "{F3E1972D-5828-46CA-A981-AAFC41C792BE}"
EndProject
Project("{FAE04EC0-301F-11D3-BF4B-00C04F79EFBC}") = "Daga.Web", "Web\Daga.Web\Daga.Web.csproj", "{BACFCE4B-2A3F-4EA2-8BDA-1AF78396AEF3}"
EndProject
Global
	GlobalSection(SolutionConfigurationPlatforms) = preSolution
		Debug|Any CPU = Debug|Any CPU
		Release|Any CPU = Release|Any CPU
	EndGlobalSection
	GlobalSection(ProjectConfigurationPlatforms) = postSolution
		{BACFCE4B-2A3F-4EA2-8BDA-1AF78396AEF3}.Debug|Any CPU.ActiveCfg = Debug|Any CPU
		{BACFCE4B-2A3F-4EA2-8BDA-1AF78396AEF3}.Debug|Any CPU.Build.0 = Debug|Any CPU
		{BACFCE4B-2A3F-4EA2-8BDA-1AF78396AEF3}.Release|Any CPU.ActiveCfg = Release|Any CPU
		{BACFCE4B-2A3F-4EA2-8BDA-1AF78396AEF3}.Release|Any CPU.Build.0 = Release|Any CPU
	EndGlobalSection
	GlobalSection(SolutionProperties) = preSolution
		HideSolutionNode = FALSE
	EndGlobalSection
	GlobalSection(NestedProjects) = preSolution
		{BACFCE4B-2A3F-4EA2-8BDA-1AF78396AEF3} = {A15A3E56-DBD5-4CF9-9D4E-1E95A7A79A86}
	EndGlobalSection
EndGlobal
